
Microsoft Visual Studio Solution File, Format Version 12.00
# Visual Studio Version 17
VisualStudioVersion = 17.11.35219.272
MinimumVisualStudioVersion = 10.0.40219.1
Project("{FAE04EC0-301F-11D3-BF4B-00C04F79EFBC}") = "Report browser1", "Report browser1.csproj", "{AB3D28AF-9A5F-461E-B576-3622A3D9CA40}"
EndProject
Global
	GlobalSection(SolutionConfigurationPlatforms) = preSolution
		Debug|Any CPU = Debug|Any CPU
		Release|Any CPU = Release|Any CPU
	EndGlobalSection
	GlobalSection(ProjectConfigurationPlatforms) = postSolution
		{AB3D28AF-9A5F-461E-B576-3622A3D9CA40}.Debug|Any CPU.ActiveCfg = Debug|Any CPU
		{AB3D28AF-9A5F-461E-B576-3622A3D9CA40}.Debug|Any CPU.Build.0 = Debug|Any CPU
		{AB3D28AF-9A5F-461E-B576-3622A3D9CA40}.Release|Any CPU.ActiveCfg = Release|Any CPU
		{AB3D28AF-9A5F-461E-B576-3622A3D9CA40}.Release|Any CPU.Build.0 = Release|Any CPU
	EndGlobalSection
	GlobalSection(SolutionProperties) = preSolution
		HideSolutionNode = FALSE
	EndGlobalSection
	GlobalSection(ExtensibilityGlobals) = postSolution
		SolutionGuid = {16D254EB-7310-4B62-AE34-325CF521D1B7}
	EndGlobalSection
EndGlobal
